{
  "name": "angularjs",
  "version": "1.0.0",
  "lockfileVersion": 3,
  "requires": true,
  "packages": {
    "": {
      "name": "angularjs",
      "version": "1.0.0",
      "license": "ISC",
      "dependencies": {
        "angular": "^1.8.3",
        "angular-material": "^1.2.5",
        "angular-route": "^1.8.3",
        "angular-ui-bootstrap": "^2.5.6",
        "bootstrap": "^5.3.7"
      }
    },
    "node_modules/@popperjs/core": {
      "version": "2.11.8",
      "resolved": "https://registry.npmjs.org/@popperjs/core/-/core-2.11.8.tgz",
      "integrity": "sha512-P1st0aksCrn9sGZhp8GMYwBnQsbvAWsZAX44oXNNvLHGqAOcoVxmjZiohstwQ7SqKnbR47akdNi+uleWD8+g6A==",
      "peer": true,
      "funding": {
        "type": "opencollective",
        "url": "https://opencollective.com/popperjs"
      }
    },
    "node_modules/angular": {
      "version": "1.8.3",
      "resolved": "https://registry.npmjs.org/angular/-/angular-1.8.3.tgz",
      "integrity": "sha512-5qjkWIQQVsHj4Sb5TcEs4WZWpFeVFHXwxEBHUhrny41D8UrBAd6T/6nPPAsLngJCReIOqi95W3mxdveveutpZw==",
      "deprecated": "For the actively supported Angular, see https://www.npmjs.com/package/@angular/core. AngularJS support has officially ended. For extended AngularJS support options, see https://goo.gle/angularjs-path-forward."
    },
    "node_modules/angular-animate": {
      "version": "1.8.3",
      "resolved": "https://registry.npmjs.org/angular-animate/-/angular-animate-1.8.3.tgz",
      "integrity": "sha512-/LtTKvy5sD6MZbV0v+nHgOIpnFF0mrUp+j5WIxVprVhcrJriYpuCZf4S7Owj1o76De/J0eRzANUozNJ6hVepnQ==",
      "deprecated": "For the actively supported Angular, see https://www.npmjs.com/package/@angular/core. AngularJS support has officially ended. For extended AngularJS support options, see https://goo.gle/angularjs-path-forward.",
      "peer": true
    },
    "node_modules/angular-aria": {
      "version": "1.8.3",
      "resolved": "https://registry.npmjs.org/angular-aria/-/angular-aria-1.8.3.tgz",
      "integrity": "sha512-qTXclmTW/KGw5JNKKQPcCKKq6hCBZ39jYINmLgMsjUHBAoxULaMRRTaRj/L2VTOjKvK5f9enkx+EUqRqzXDSFQ==",
      "deprecated": "For the actively supported Angular, see https://www.npmjs.com/package/@angular/core. AngularJS support has officially ended. For extended AngularJS support options, see https://goo.gle/angularjs-path-forward.",
      "peer": true
    },
    "node_modules/angular-material": {
      "version": "1.2.5",
      "resolved": "https://registry.npmjs.org/angular-material/-/angular-material-1.2.5.tgz",
      "integrity": "sha512-bTTDV0vszpfms1tAMzhLntxBiNMCk/I3Mx/vhbtfhijJILODjpDBfWah0nvWrniFIcxMLcsb1tcPri13hZEaew==",
      "deprecated": "For the actively supported Angular Material, see https://www.npmjs.com/package/@angular/material. AngularJS support has officially ended. For extended AngularJS support options, see https://goo.gle/angularjs-path-forward.",
      "peerDependencies": {
        "angular": "^1.7.2",
        "angular-animate": "^1.7.2",
        "angular-aria": "^1.7.2",
        "angular-messages": "^1.7.2"
      }
    },
    "node_modules/angular-messages": {
      "version": "1.8.3",
      "resolved": "https://registry.npmjs.org/angular-messages/-/angular-messages-1.8.3.tgz",
      "integrity": "sha512-f/ywtg32lqzX8FnXkBJOyn13lbCbo333/xy/5TTFcsH/gZdXoiuERj+dLTOs8xHCkOeFQhFx0VD0DgtMgSag7A==",
      "peer": true
    },
    "node_modules/angular-route": {
      "version": "1.8.3",
      "resolved": "https://registry.npmjs.org/angular-route/-/angular-route-1.8.3.tgz",
      "integrity": "sha512-kpIcRmDR2+o1FxDVVYy8Rvfab86/7LDbOgTRb9T+X9ewPQiBRuDEnZtM3oJYBiQLvAXDYTJXHV48n/bGE9Mv2g==",
      "deprecated": "For the actively supported Angular, see https://www.npmjs.com/package/@angular/core. AngularJS support has officially ended. For extended AngularJS support options, see https://goo.gle/angularjs-path-forward."
    },
    "node_modules/angular-ui-bootstrap": {
      "version": "2.5.6",
      "resolved": "https://registry.npmjs.org/angular-ui-bootstrap/-/angular-ui-bootstrap-2.5.6.tgz",
      "integrity": "sha512-yzcHpPMLQl0232nDzm5P4iAFTFQ9dMw0QgFLuKYbDj9M0xJ62z0oudYD/Lvh1pWfRsukiytP4Xj6BHOSrSXP8A=="
    },
    "node_modules/bootstrap": {
      "version": "5.3.7",
      "resolved": "https://registry.npmjs.org/bootstrap/-/bootstrap-5.3.7.tgz",
      "integrity": "sha512-7KgiD8UHjfcPBHEpDNg+zGz8L3LqR3GVwqZiBRFX04a1BCArZOz1r2kjly2HQ0WokqTO0v1nF+QAt8dsW4lKlw==",
      "funding": [
        {
          "type": "github",
          "url": "https://github.com/sponsors/twbs"
        },
        {
          "type": "opencollective",
          "url": "https://opencollective.com/bootstrap"
        }
      ],
      "peerDependencies": {
        "@popperjs/core": "^2.11.8"
      }
    }
  }
}
